
Microsoft Visual Studio Solution File, Format Version 12.00
# Visual Studio Version 16
VisualStudioVersion = 16.0.29920.165
MinimumVisualStudioVersion = 10.0.40219.1
Project("{FAE04EC0-301F-11D3-BF4B-00C04F79EFBC}") = "UsingDateTime", "UsingDateTime\UsingDateTime.csproj", "{0E8DD0A3-4D72-4D4C-93E7-06F8C31A08BB}"
EndProject
Global
	GlobalSection(SolutionConfigurationPlatforms) = preSolution
		Debug|Any CPU = Debug|Any CPU
		Release|Any CPU = Release|Any CPU
	EndGlobalSection
	GlobalSection(ProjectConfigurationPlatforms) = postSolution
		{0E8DD0A3-4D72-4D4C-93E7-06F8C31A08BB}.Debug|Any CPU.ActiveCfg = Debug|Any CPU
		{0E8DD0A3-4D72-4D4C-93E7-06F8C31A08BB}.Debug|Any CPU.Build.0 = Debug|Any CPU
		{0E8DD0A3-4D72-4D4C-93E7-06F8C31A08BB}.Release|Any CPU.ActiveCfg = Release|Any CPU
		{0E8DD0A3-4D72-4D4C-93E7-06F8C31A08BB}.Release|Any CPU.Build.0 = Release|Any CPU
	EndGlobalSection
	GlobalSection(SolutionProperties) = preSolution
		HideSolutionNode = FALSE
	EndGlobalSection
	GlobalSection(ExtensibilityGlobals) = postSolution
		SolutionGuid = {F72E935A-27DF-4F57-A966-FE078E82D73F}
	EndGlobalSection
EndGlobal
