
Microsoft Visual Studio Solution File, Format Version 12.00
# Visual Studio Version 16
VisualStudioVersion = 16.0.29920.165
MinimumVisualStudioVersion = 10.0.40219.1
Project("{FAE04EC0-301F-11D3-BF4B-00C04F79EFBC}") = "UsingDirectory", "UsingDirectory\UsingDirectory.csproj", "{B7E85CCF-F514-456E-A4BD-0F0991969086}"
EndProject
Global
	GlobalSection(SolutionConfigurationPlatforms) = preSolution
		Debug|Any CPU = Debug|Any CPU
		Release|Any CPU = Release|Any CPU
	EndGlobalSection
	GlobalSection(ProjectConfigurationPlatforms) = postSolution
		{B7E85CCF-F514-456E-A4BD-0F0991969086}.Debug|Any CPU.ActiveCfg = Debug|Any CPU
		{B7E85CCF-F514-456E-A4BD-0F0991969086}.Debug|Any CPU.Build.0 = Debug|Any CPU
		{B7E85CCF-F514-456E-A4BD-0F0991969086}.Release|Any CPU.ActiveCfg = Release|Any CPU
		{B7E85CCF-F514-456E-A4BD-0F0991969086}.Release|Any CPU.Build.0 = Release|Any CPU
	EndGlobalSection
	GlobalSection(SolutionProperties) = preSolution
		HideSolutionNode = FALSE
	EndGlobalSection
	GlobalSection(ExtensibilityGlobals) = postSolution
		SolutionGuid = {F23A779C-1EA5-40AE-8729-7BF7CBDD059A}
	EndGlobalSection
EndGlobal
