
Microsoft Visual Studio Solution File, Format Version 12.00
# Visual Studio Version 16
VisualStudioVersion = 16.0.29920.165
MinimumVisualStudioVersion = 10.0.40219.1
Project("{FAE04EC0-301F-11D3-BF4B-00C04F79EFBC}") = "ForLoop", "ForLoop\ForLoop.csproj", "{39353D60-A9DA-451D-BF07-192B6424C136}"
EndProject
Project("{FAE04EC0-301F-11D3-BF4B-00C04F79EFBC}") = "ForLoop2", "ForLoop2\ForLoop2.csproj", "{74B2F38D-0A3B-415E-A7EC-0EEE33FB9218}"
EndProject
Global
	GlobalSection(SolutionConfigurationPlatforms) = preSolution
		Debug|Any CPU = Debug|Any CPU
		Release|Any CPU = Release|Any CPU
	EndGlobalSection
	GlobalSection(ProjectConfigurationPlatforms) = postSolution
		{39353D60-A9DA-451D-BF07-192B6424C136}.Debug|Any CPU.ActiveCfg = Debug|Any CPU
		{39353D60-A9DA-451D-BF07-192B6424C136}.Debug|Any CPU.Build.0 = Debug|Any CPU
		{39353D60-A9DA-451D-BF07-192B6424C136}.Release|Any CPU.ActiveCfg = Release|Any CPU
		{39353D60-A9DA-451D-BF07-192B6424C136}.Release|Any CPU.Build.0 = Release|Any CPU
		{74B2F38D-0A3B-415E-A7EC-0EEE33FB9218}.Debug|Any CPU.ActiveCfg = Debug|Any CPU
		{74B2F38D-0A3B-415E-A7EC-0EEE33FB9218}.Debug|Any CPU.Build.0 = Debug|Any CPU
		{74B2F38D-0A3B-415E-A7EC-0EEE33FB9218}.Release|Any CPU.ActiveCfg = Release|Any CPU
		{74B2F38D-0A3B-415E-A7EC-0EEE33FB9218}.Release|Any CPU.Build.0 = Release|Any CPU
	EndGlobalSection
	GlobalSection(SolutionProperties) = preSolution
		HideSolutionNode = FALSE
	EndGlobalSection
	GlobalSection(ExtensibilityGlobals) = postSolution
		SolutionGuid = {38BB627A-E9E0-440C-829E-B138B3491C50}
	EndGlobalSection
EndGlobal
