
Microsoft Visual Studio Solution File, Format Version 12.00
# Visual Studio Version 16
VisualStudioVersion = 16.0.29920.165
MinimumVisualStudioVersion = 10.0.40219.1
Project("{FAE04EC0-301F-11D3-BF4B-00C04F79EFBC}") = "Methods", "Methods\Methods.csproj", "{9F5F6EAE-3F66-4BC7-8276-7001D4A37A30}"
EndProject
Global
	GlobalSection(SolutionConfigurationPlatforms) = preSolution
		Debug|Any CPU = Debug|Any CPU
		Release|Any CPU = Release|Any CPU
	EndGlobalSection
	GlobalSection(ProjectConfigurationPlatforms) = postSolution
		{9F5F6EAE-3F66-4BC7-8276-7001D4A37A30}.Debug|Any CPU.ActiveCfg = Debug|Any CPU
		{9F5F6EAE-3F66-4BC7-8276-7001D4A37A30}.Debug|Any CPU.Build.0 = Debug|Any CPU
		{9F5F6EAE-3F66-4BC7-8276-7001D4A37A30}.Release|Any CPU.ActiveCfg = Release|Any CPU
		{9F5F6EAE-3F66-4BC7-8276-7001D4A37A30}.Release|Any CPU.Build.0 = Release|Any CPU
	EndGlobalSection
	GlobalSection(SolutionProperties) = preSolution
		HideSolutionNode = FALSE
	EndGlobalSection
	GlobalSection(ExtensibilityGlobals) = postSolution
		SolutionGuid = {3A6305A3-B847-42D7-B0B8-93848B87A494}
	EndGlobalSection
EndGlobal
