
Microsoft Visual Studio Solution File, Format Version 12.00
# Visual Studio Version 16
VisualStudioVersion = 16.0.29920.165
MinimumVisualStudioVersion = 10.0.40219.1
Project("{FAE04EC0-301F-11D3-BF4B-00C04F79EFBC}") = "UsingPath", "UsingPath\UsingPath.csproj", "{BC7B0109-3B2A-4016-9899-4C2EB6C9782E}"
EndProject
Global
	GlobalSection(SolutionConfigurationPlatforms) = preSolution
		Debug|Any CPU = Debug|Any CPU
		Release|Any CPU = Release|Any CPU
	EndGlobalSection
	GlobalSection(ProjectConfigurationPlatforms) = postSolution
		{BC7B0109-3B2A-4016-9899-4C2EB6C9782E}.Debug|Any CPU.ActiveCfg = Debug|Any CPU
		{BC7B0109-3B2A-4016-9899-4C2EB6C9782E}.Debug|Any CPU.Build.0 = Debug|Any CPU
		{BC7B0109-3B2A-4016-9899-4C2EB6C9782E}.Release|Any CPU.ActiveCfg = Release|Any CPU
		{BC7B0109-3B2A-4016-9899-4C2EB6C9782E}.Release|Any CPU.Build.0 = Release|Any CPU
	EndGlobalSection
	GlobalSection(SolutionProperties) = preSolution
		HideSolutionNode = FALSE
	EndGlobalSection
	GlobalSection(ExtensibilityGlobals) = postSolution
		SolutionGuid = {1B41BE33-0211-41CF-9CAA-80128F1B2DEA}
	EndGlobalSection
EndGlobal
