
Microsoft Visual Studio Solution File, Format Version 12.00
# Visual Studio Version 16
VisualStudioVersion = 16.0.29920.165
MinimumVisualStudioVersion = 10.0.40219.1
Project("{FAE04EC0-301F-11D3-BF4B-00C04F79EFBC}") = "WhileLoop", "WhileLoop\WhileLoop.csproj", "{641A5E33-A384-49F0-818B-3FBF6CDCA281}"
EndProject
Project("{FAE04EC0-301F-11D3-BF4B-00C04F79EFBC}") = "WhileLoop2", "WhileLoop2\WhileLoop2.csproj", "{0CD8ABFD-3EFC-4CB8-8462-5A1D7BB87B41}"
EndProject
Global
	GlobalSection(SolutionConfigurationPlatforms) = preSolution
		Debug|Any CPU = Debug|Any CPU
		Release|Any CPU = Release|Any CPU
	EndGlobalSection
	GlobalSection(ProjectConfigurationPlatforms) = postSolution
		{641A5E33-A384-49F0-818B-3FBF6CDCA281}.Debug|Any CPU.ActiveCfg = Debug|Any CPU
		{641A5E33-A384-49F0-818B-3FBF6CDCA281}.Debug|Any CPU.Build.0 = Debug|Any CPU
		{641A5E33-A384-49F0-818B-3FBF6CDCA281}.Release|Any CPU.ActiveCfg = Release|Any CPU
		{641A5E33-A384-49F0-818B-3FBF6CDCA281}.Release|Any CPU.Build.0 = Release|Any CPU
		{0CD8ABFD-3EFC-4CB8-8462-5A1D7BB87B41}.Debug|Any CPU.ActiveCfg = Debug|Any CPU
		{0CD8ABFD-3EFC-4CB8-8462-5A1D7BB87B41}.Debug|Any CPU.Build.0 = Debug|Any CPU
		{0CD8ABFD-3EFC-4CB8-8462-5A1D7BB87B41}.Release|Any CPU.ActiveCfg = Release|Any CPU
		{0CD8ABFD-3EFC-4CB8-8462-5A1D7BB87B41}.Release|Any CPU.Build.0 = Release|Any CPU
	EndGlobalSection
	GlobalSection(SolutionProperties) = preSolution
		HideSolutionNode = FALSE
	EndGlobalSection
	GlobalSection(ExtensibilityGlobals) = postSolution
		SolutionGuid = {9C2B2D91-CAED-4E48-8BE5-3A4B46580126}
	EndGlobalSection
EndGlobal
