
Microsoft Visual Studio Solution File, Format Version 12.00
# Visual Studio Version 16
VisualStudioVersion = 16.0.29920.165
MinimumVisualStudioVersion = 10.0.40219.1
Project("{FAE04EC0-301F-11D3-BF4B-00C04F79EFBC}") = "ControlFlow_Switch", "ControlFlow_Switch\ControlFlow_Switch.csproj", "{C809B833-ECDC-4301-8CA4-6BAFA5A9268E}"
EndProject
Global
	GlobalSection(SolutionConfigurationPlatforms) = preSolution
		Debug|Any CPU = Debug|Any CPU
		Release|Any CPU = Release|Any CPU
	EndGlobalSection
	GlobalSection(ProjectConfigurationPlatforms) = postSolution
		{C809B833-ECDC-4301-8CA4-6BAFA5A9268E}.Debug|Any CPU.ActiveCfg = Debug|Any CPU
		{C809B833-ECDC-4301-8CA4-6BAFA5A9268E}.Debug|Any CPU.Build.0 = Debug|Any CPU
		{C809B833-ECDC-4301-8CA4-6BAFA5A9268E}.Release|Any CPU.ActiveCfg = Release|Any CPU
		{C809B833-ECDC-4301-8CA4-6BAFA5A9268E}.Release|Any CPU.Build.0 = Release|Any CPU
	EndGlobalSection
	GlobalSection(SolutionProperties) = preSolution
		HideSolutionNode = FALSE
	EndGlobalSection
	GlobalSection(ExtensibilityGlobals) = postSolution
		SolutionGuid = {A2D0BA1D-B009-4F66-BF01-A7EA2469C504}
	EndGlobalSection
EndGlobal
