
Microsoft Visual Studio Solution File, Format Version 12.00
# Visual Studio Version 16
VisualStudioVersion = 16.0.29920.165
MinimumVisualStudioVersion = 10.0.40219.1
Project("{FAE04EC0-301F-11D3-BF4B-00C04F79EFBC}") = "UsingTimeSpan", "UsingTimeSpan\UsingTimeSpan.csproj", "{2385A787-A9A9-42E4-A726-5AE0998C2382}"
EndProject
Global
	GlobalSection(SolutionConfigurationPlatforms) = preSolution
		Debug|Any CPU = Debug|Any CPU
		Release|Any CPU = Release|Any CPU
	EndGlobalSection
	GlobalSection(ProjectConfigurationPlatforms) = postSolution
		{2385A787-A9A9-42E4-A726-5AE0998C2382}.Debug|Any CPU.ActiveCfg = Debug|Any CPU
		{2385A787-A9A9-42E4-A726-5AE0998C2382}.Debug|Any CPU.Build.0 = Debug|Any CPU
		{2385A787-A9A9-42E4-A726-5AE0998C2382}.Release|Any CPU.ActiveCfg = Release|Any CPU
		{2385A787-A9A9-42E4-A726-5AE0998C2382}.Release|Any CPU.Build.0 = Release|Any CPU
	EndGlobalSection
	GlobalSection(SolutionProperties) = preSolution
		HideSolutionNode = FALSE
	EndGlobalSection
	GlobalSection(ExtensibilityGlobals) = postSolution
		SolutionGuid = {4C266A53-FABF-4A10-878F-56321A47DF2B}
	EndGlobalSection
EndGlobal
