
Microsoft Visual Studio Solution File, Format Version 12.00
# Visual Studio Version 16
VisualStudioVersion = 16.0.29920.165
MinimumVisualStudioVersion = 10.0.40219.1
Project("{FAE04EC0-301F-11D3-BF4B-00C04F79EFBC}") = "UsingList", "UsingList\UsingList.csproj", "{325C51EF-7E21-402A-822C-2ABB56CE50E4}"
EndProject
Global
	GlobalSection(SolutionConfigurationPlatforms) = preSolution
		Debug|Any CPU = Debug|Any CPU
		Release|Any CPU = Release|Any CPU
	EndGlobalSection
	GlobalSection(ProjectConfigurationPlatforms) = postSolution
		{325C51EF-7E21-402A-822C-2ABB56CE50E4}.Debug|Any CPU.ActiveCfg = Debug|Any CPU
		{325C51EF-7E21-402A-822C-2ABB56CE50E4}.Debug|Any CPU.Build.0 = Debug|Any CPU
		{325C51EF-7E21-402A-822C-2ABB56CE50E4}.Release|Any CPU.ActiveCfg = Release|Any CPU
		{325C51EF-7E21-402A-822C-2ABB56CE50E4}.Release|Any CPU.Build.0 = Release|Any CPU
	EndGlobalSection
	GlobalSection(SolutionProperties) = preSolution
		HideSolutionNode = FALSE
	EndGlobalSection
	GlobalSection(ExtensibilityGlobals) = postSolution
		SolutionGuid = {2A302BDF-AD88-45E4-81D2-C1DFA6D90A2F}
	EndGlobalSection
EndGlobal
