
Microsoft Visual Studio Solution File, Format Version 12.00
# Visual Studio Version 16
VisualStudioVersion = 16.0.29920.165
MinimumVisualStudioVersion = 10.0.40219.1
Project("{FAE04EC0-301F-11D3-BF4B-00C04F79EFBC}") = "Changing", "Changing\Changing.csproj", "{80B4F92F-3049-4B79-B214-0EA83F41BBFF}"
EndProject
Global
	GlobalSection(SolutionConfigurationPlatforms) = preSolution
		Debug|Any CPU = Debug|Any CPU
		Release|Any CPU = Release|Any CPU
	EndGlobalSection
	GlobalSection(ProjectConfigurationPlatforms) = postSolution
		{80B4F92F-3049-4B79-B214-0EA83F41BBFF}.Debug|Any CPU.ActiveCfg = Debug|Any CPU
		{80B4F92F-3049-4B79-B214-0EA83F41BBFF}.Debug|Any CPU.Build.0 = Debug|Any CPU
		{80B4F92F-3049-4B79-B214-0EA83F41BBFF}.Release|Any CPU.ActiveCfg = Release|Any CPU
		{80B4F92F-3049-4B79-B214-0EA83F41BBFF}.Release|Any CPU.Build.0 = Release|Any CPU
	EndGlobalSection
	GlobalSection(SolutionProperties) = preSolution
		HideSolutionNode = FALSE
	EndGlobalSection
	GlobalSection(ExtensibilityGlobals) = postSolution
		SolutionGuid = {3C33DE2E-0047-49AA-BA60-0DD8DAF7364D}
	EndGlobalSection
EndGlobal
