
Microsoft Visual Studio Solution File, Format Version 12.00
# Visual Studio Version 16
VisualStudioVersion = 16.0.29920.165
MinimumVisualStudioVersion = 10.0.40219.1
Project("{FAE04EC0-301F-11D3-BF4B-00C04F79EFBC}") = "Searching", "Searching\Searching.csproj", "{D7310B19-3CC8-4E8F-A3C3-DFEA324B6FDE}"
EndProject
Global
	GlobalSection(SolutionConfigurationPlatforms) = preSolution
		Debug|Any CPU = Debug|Any CPU
		Release|Any CPU = Release|Any CPU
	EndGlobalSection
	GlobalSection(ProjectConfigurationPlatforms) = postSolution
		{D7310B19-3CC8-4E8F-A3C3-DFEA324B6FDE}.Debug|Any CPU.ActiveCfg = Debug|Any CPU
		{D7310B19-3CC8-4E8F-A3C3-DFEA324B6FDE}.Debug|Any CPU.Build.0 = Debug|Any CPU
		{D7310B19-3CC8-4E8F-A3C3-DFEA324B6FDE}.Release|Any CPU.ActiveCfg = Release|Any CPU
		{D7310B19-3CC8-4E8F-A3C3-DFEA324B6FDE}.Release|Any CPU.Build.0 = Release|Any CPU
	EndGlobalSection
	GlobalSection(SolutionProperties) = preSolution
		HideSolutionNode = FALSE
	EndGlobalSection
	GlobalSection(ExtensibilityGlobals) = postSolution
		SolutionGuid = {7E639CBB-BB2D-4B1A-A306-9AEB28AA96F2}
	EndGlobalSection
EndGlobal
