
Microsoft Visual Studio Solution File, Format Version 12.00
# Visual Studio Version 16
VisualStudioVersion = 16.0.29920.165
MinimumVisualStudioVersion = 10.0.40219.1
Project("{FAE04EC0-301F-11D3-BF4B-00C04F79EFBC}") = "doWhile", "doWhile\doWhile.csproj", "{32083682-D6A1-4900-8A0A-F204B85E9A1B}"
EndProject
Project("{FAE04EC0-301F-11D3-BF4B-00C04F79EFBC}") = "doWhile2", "doWhile2\doWhile2.csproj", "{0514CD13-C70B-4CEA-8F12-C7B319D9FAAF}"
EndProject
Global
	GlobalSection(SolutionConfigurationPlatforms) = preSolution
		Debug|Any CPU = Debug|Any CPU
		Release|Any CPU = Release|Any CPU
	EndGlobalSection
	GlobalSection(ProjectConfigurationPlatforms) = postSolution
		{32083682-D6A1-4900-8A0A-F204B85E9A1B}.Debug|Any CPU.ActiveCfg = Debug|Any CPU
		{32083682-D6A1-4900-8A0A-F204B85E9A1B}.Debug|Any CPU.Build.0 = Debug|Any CPU
		{32083682-D6A1-4900-8A0A-F204B85E9A1B}.Release|Any CPU.ActiveCfg = Release|Any CPU
		{32083682-D6A1-4900-8A0A-F204B85E9A1B}.Release|Any CPU.Build.0 = Release|Any CPU
		{0514CD13-C70B-4CEA-8F12-C7B319D9FAAF}.Debug|Any CPU.ActiveCfg = Debug|Any CPU
		{0514CD13-C70B-4CEA-8F12-C7B319D9FAAF}.Debug|Any CPU.Build.0 = Debug|Any CPU
		{0514CD13-C70B-4CEA-8F12-C7B319D9FAAF}.Release|Any CPU.ActiveCfg = Release|Any CPU
		{0514CD13-C70B-4CEA-8F12-C7B319D9FAAF}.Release|Any CPU.Build.0 = Release|Any CPU
	EndGlobalSection
	GlobalSection(SolutionProperties) = preSolution
		HideSolutionNode = FALSE
	EndGlobalSection
	GlobalSection(ExtensibilityGlobals) = postSolution
		SolutionGuid = {6C388F85-74C8-4AE7-9D2F-9400E2AC6736}
	EndGlobalSection
EndGlobal
